
Microsoft Visual Studio Solution File, Format Version 12.00
# Visual Studio Version 16
VisualStudioVersion = 16.0.31205.134
MinimumVisualStudioVersion = 10.0.40219.1
Project("{FAE04EC0-301F-11D3-BF4B-00C04F79EFBC}") = "WindowsFormsAppcamera", "WindowsFormsAppcamera\WindowsFormsAppcamera.csproj", "{44254154-A632-4ED2-BCDB-BB3641C0DE3D}"
EndProject
Global
	GlobalSection(SolutionConfigurationPlatforms) = preSolution
		Debug|Any CPU = Debug|Any CPU
		Release|Any CPU = Release|Any CPU
	EndGlobalSection
	GlobalSection(ProjectConfigurationPlatforms) = postSolution
		{44254154-A632-4ED2-BCDB-BB3641C0DE3D}.Debug|Any CPU.ActiveCfg = Debug|Any CPU
		{44254154-A632-4ED2-BCDB-BB3641C0DE3D}.Debug|Any CPU.Build.0 = Debug|Any CPU
		{44254154-A632-4ED2-BCDB-BB3641C0DE3D}.Release|Any CPU.ActiveCfg = Release|Any CPU
		{44254154-A632-4ED2-BCDB-BB3641C0DE3D}.Release|Any CPU.Build.0 = Release|Any CPU
	EndGlobalSection
	GlobalSection(SolutionProperties) = preSolution
		HideSolutionNode = FALSE
	EndGlobalSection
	GlobalSection(ExtensibilityGlobals) = postSolution
		SolutionGuid = {5682158D-D7AE-45B8-9708-E3F77A627791}
	EndGlobalSection
EndGlobal
